// !$*UTF8*$!
{
	archiveVersion = 1;
	classes = {
	};
	objectVersion = 50;
	objects = {

/* Begin PBXBuildFile section */
		8C0F9CAD25B8936C0008F3AB /* AppDelegate.swift in Sources */ = {isa = PBXBuildFile; fileRef = 8C0F9CAC25B8936C0008F3AB /* AppDelegate.swift */; };
		8C0F9CB125B8936C0008F3AB /* MainViewController.swift in Sources */ = {isa = PBXBuildFile; fileRef = 8C0F9CB025B8936C0008F3AB /* MainViewController.swift */; };
		8C0F9CB625B8936E0008F3AB /* Assets.xcassets in Resources */ = {isa = PBXBuildFile; fileRef = 8C0F9CB525B8936E0008F3AB /* Assets.xcassets */; };
		8C0F9CB925B8936E0008F3AB /* LaunchScreen.storyboard in Resources */ = {isa = PBXBuildFile; fileRef = 8C0F9CB725B8936E0008F3AB /* LaunchScreen.storyboard */; };
		8C0F9CC425B8936E0008F3AB /* DeliveryTests.swift in Sources */ = {isa = PBXBuildFile; fileRef = 8C0F9CC325B8936E0008F3AB /* DeliveryTests.swift */; };
		8C0F9CCF25B8936E0008F3AB /* DeliveryUITests.swift in Sources */ = {isa = PBXBuildFile; fileRef = 8C0F9CCE25B8936E0008F3AB /* DeliveryUITests.swift */; };
/* End PBXBuildFile section */

/* Begin PBXContainerItemProxy section */
		8C0F9CC025B8936E0008F3AB /* PBXContainerItemProxy */ = {
			isa = PBXContainerItemProxy;
			containerPortal = 8C0F9CA125B8936C0008F3AB /* Project object */;
			proxyType = 1;
			remoteGlobalIDString = 8C0F9CA825B8936C0008F3AB;
			remoteInfo = Delivery;
		};
		8C0F9CCB25B8936E0008F3AB /* PBXContainerItemProxy */ = {
			isa = PBXContainerItemProxy;
			containerPortal = 8C0F9CA125B8936C0008F3AB /* Project object */;
			proxyType = 1;
			remoteGlobalIDString = 8C0F9CA825B8936C0008F3AB;
			remoteInfo = Delivery;
		};
/* End PBXContainerItemProxy section */

/* Begin PBXFileReference section */
		8C0F9CA925B8936C0008F3AB /* Delivery.app */ = {isa = PBXFileReference; explicitFileType = wrapper.application; includeInIndex = 0; path = Delivery.app; sourceTree = BUILT_PRODUCTS_DIR; };
		8C0F9CAC25B8936C0008F3AB /* AppDelegate.swift */ = {isa = PBXFileReference; lastKnownFileType = sourcecode.swift; path = AppDelegate.swift; sourceTree = "<group>"; };
		8C0F9CB025B8936C0008F3AB /* MainViewController.swift */ = {isa = PBXFileReference; lastKnownFileType = sourcecode.swift; path = MainViewController.swift; sourceTree = "<group>"; };
		8C0F9CB525B8936E0008F3AB /* Assets.xcassets */ = {isa = PBXFileReference; lastKnownFileType = folder.assetcatalog; path = Assets.xcassets; sourceTree = "<group>"; };
		8C0F9CB825B8936E0008F3AB /* Base */ = {isa = PBXFileReference; lastKnownFileType = file.storyboard; name = Base; path = Base.lproj/LaunchScreen.storyboard; sourceTree = "<group>"; };
		8C0F9CBA25B8936E0008F3AB /* Info.plist */ = {isa = PBXFileReference; lastKnownFileType = text.plist.xml; path = Info.plist; sourceTree = "<group>"; };
		8C0F9CBF25B8936E0008F3AB /* DeliveryTests.xctest */ = {isa = PBXFileReference; explicitFileType = wrapper.cfbundle; includeInIndex = 0; path = DeliveryTests.xctest; sourceTree = BUILT_PRODUCTS_DIR; };
		8C0F9CC325B8936E0008F3AB /* DeliveryTests.swift */ = {isa = PBXFileReference; lastKnownFileType = sourcecode.swift; path = DeliveryTests.swift; sourceTree = "<group>"; };
		8C0F9CC525B8936E0008F3AB /* Info.plist */ = {isa = PBXFileReference; lastKnownFileType = text.plist.xml; path = Info.plist; sourceTree = "<group>"; };
		8C0F9CCA25B8936E0008F3AB /* DeliveryUITests.xctest */ = {isa = PBXFileReference; explicitFileType = wrapper.cfbundle; includeInIndex = 0; path = DeliveryUITests.xctest; sourceTree = BUILT_PRODUCTS_DIR; };
		8C0F9CCE25B8936E0008F3AB /* DeliveryUITests.swift */ = {isa = PBXFileReference; lastKnownFileType = sourcecode.swift; path = DeliveryUITests.swift; sourceTree = "<group>"; };
		8C0F9CD025B8936E0008F3AB /* Info.plist */ = {isa = PBXFileReference; lastKnownFileType = text.plist.xml; path = Info.plist; sourceTree = "<group>"; };
/* End PBXFileReference section */

/* Begin PBXFrameworksBuildPhase section */
		8C0F9CA625B8936C0008F3AB /* Frameworks */ = {
			isa = PBXFrameworksBuildPhase;
			buildActionMask = 2147483647;
			files = (
			);
			runOnlyForDeploymentPostprocessing = 0;
		};
		8C0F9CBC25B8936E0008F3AB /* Frameworks */ = {
			isa = PBXFrameworksBuildPhase;
			buildActionMask = 2147483647;
			files = (
			);
			runOnlyForDeploymentPostprocessing = 0;
		};
		8C0F9CC725B8936E0008F3AB /* Frameworks */ = {
			isa = PBXFrameworksBuildPhase;
			buildActionMask = 2147483647;
			files = (
			);
			runOnlyForDeploymentPostprocessing = 0;
		};
/* End PBXFrameworksBuildPhase section */

/* Begin PBXGroup section */
		8C0F9CA025B8936C0008F3AB = {
			isa = PBXGroup;
			children = (
				8C0F9CAB25B8936C0008F3AB /* Delivery */,
				8C0F9CC225B8936E0008F3AB /* DeliveryTests */,
				8C0F9CCD25B8936E0008F3AB /* DeliveryUITests */,
				8C0F9CAA25B8936C0008F3AB /* Products */,
			);
			sourceTree = "<group>";
		};
		8C0F9CAA25B8936C0008F3AB /* Products */ = {
			isa = PBXGroup;
			children = (
				8C0F9CA925B8936C0008F3AB /* Delivery.app */,
				8C0F9CBF25B8936E0008F3AB /* DeliveryTests.xctest */,
				8C0F9CCA25B8936E0008F3AB /* DeliveryUITests.xctest */,
			);
			name = Products;
			sourceTree = "<group>";
		};
		8C0F9CAB25B8936C0008F3AB /* Delivery */ = {
			isa = PBXGroup;
			children = (
				8C0F9CDF25B893B00008F3AB /* Screens */,
				8C0F9CAC25B8936C0008F3AB /* AppDelegate.swift */,
				8C0F9CB525B8936E0008F3AB /* Assets.xcassets */,
				8C0F9CB725B8936E0008F3AB /* LaunchScreen.storyboard */,
				8C0F9CBA25B8936E0008F3AB /* Info.plist */,
			);
			path = Delivery;
			sourceTree = "<group>";
		};
		8C0F9CC225B8936E0008F3AB /* DeliveryTests */ = {
			isa = PBXGroup;
			children = (
				8C0F9CC325B8936E0008F3AB /* DeliveryTests.swift */,
				8C0F9CC525B8936E0008F3AB /* Info.plist */,
			);
			path = DeliveryTests;
			sourceTree = "<group>";
		};
		8C0F9CCD25B8936E0008F3AB /* DeliveryUITests */ = {
			isa = PBXGroup;
			children = (
				8C0F9CCE25B8936E0008F3AB /* DeliveryUITests.swift */,
				8C0F9CD025B8936E0008F3AB /* Info.plist */,
			);
			path = DeliveryUITests;
			sourceTree = "<group>";
		};
		8C0F9CDF25B893B00008F3AB /* Screens */ = {
			isa = PBXGroup;
			children = (
				8C0F9CE625B894580008F3AB /* Main */,
			);
			path = Screens;
			sourceTree = "<group>";
		};
		8C0F9CE625B894580008F3AB /* Main */ = {
			isa = PBXGroup;
			children = (
				8C0F9CB025B8936C0008F3AB /* MainViewController.swift */,
			);
			path = Main;
			sourceTree = "<group>";
		};
/* End PBXGroup section */

/* Begin PBXNativeTarget section */
		8C0F9CA825B8936C0008F3AB /* Delivery */ = {
			isa = PBXNativeTarget;
			buildConfigurationList = 8C0F9CD325B8936E0008F3AB /* Build configuration list for PBXNativeTarget "Delivery" */;
			buildPhases = (
				8C0F9CA525B8936C0008F3AB /* Sources */,
				8C0F9CA625B8936C0008F3AB /* Frameworks */,
				8C0F9CA725B8936C0008F3AB /* Resources */,
			);
			buildRules = (
			);
			dependencies = (
			);
			name = Delivery;
			productName = Delivery;
			productReference = 8C0F9CA925B8936C0008F3AB /* Delivery.app */;
			productType = "com.apple.product-type.application";
		};
		8C0F9CBE25B8936E0008F3AB /* DeliveryTests */ = {
			isa = PBXNativeTarget;
			buildConfigurationList = 8C0F9CD625B8936E0008F3AB /* Build configuration list for PBXNativeTarget "DeliveryTests" */;
			buildPhases = (
				8C0F9CBB25B8936E0008F3AB /* Sources */,
				8C0F9CBC25B8936E0008F3AB /* Frameworks */,
				8C0F9CBD25B8936E0008F3AB /* Resources */,
			);
			buildRules = (
			);
			dependencies = (
				8C0F9CC125B8936E0008F3AB /* PBXTargetDependency */,
			);
			name = DeliveryTests;
			productName = DeliveryTests;
			productReference = 8C0F9CBF25B8936E0008F3AB /* DeliveryTests.xctest */;
			productType = "com.apple.product-type.bundle.unit-test";
		};
		8C0F9CC925B8936E0008F3AB /* DeliveryUITests */ = {
			isa = PBXNativeTarget;
			buildConfigurationList = 8C0F9CD925B8936E0008F3AB /* Build configuration list for PBXNativeTarget "DeliveryUITests" */;
			buildPhases = (
				8C0F9CC625B8936E0008F3AB /* Sources */,
				8C0F9CC725B8936E0008F3AB /* Frameworks */,
				8C0F9CC825B8936E0008F3AB /* Resources */,
			);
			buildRules = (
			);
			dependencies = (
				8C0F9CCC25B8936E0008F3AB /* PBXTargetDependency */,
			);
			name = DeliveryUITests;
			productName = DeliveryUITests;
			productReference = 8C0F9CCA25B8936E0008F3AB /* DeliveryUITests.xctest */;
			productType = "com.apple.product-type.bundle.ui-testing";
		};
/* End PBXNativeTarget section */

/* Begin PBXProject section */
		8C0F9CA125B8936C0008F3AB /* Project object */ = {
			isa = PBXProject;
			attributes = {
				LastSwiftUpdateCheck = 1230;
				LastUpgradeCheck = 1230;
				TargetAttributes = {
					8C0F9CA825B8936C0008F3AB = {
						CreatedOnToolsVersion = 12.3;
					};
					8C0F9CBE25B8936E0008F3AB = {
						CreatedOnToolsVersion = 12.3;
						TestTargetID = 8C0F9CA825B8936C0008F3AB;
					};
					8C0F9CC925B8936E0008F3AB = {
						CreatedOnToolsVersion = 12.3;
						TestTargetID = 8C0F9CA825B8936C0008F3AB;
					};
				};
			};
			buildConfigurationList = 8C0F9CA425B8936C0008F3AB /* Build configuration list for PBXProject "Delivery" */;
			compatibilityVersion = "Xcode 9.3";
			developmentRegion = en;
			hasScannedForEncodings = 0;
			knownRegions = (
				en,
				Base,
			);
			mainGroup = 8C0F9CA025B8936C0008F3AB;
			productRefGroup = 8C0F9CAA25B8936C0008F3AB /* Products */;
			projectDirPath = "";
			projectRoot = "";
			targets = (
				8C0F9CA825B8936C0008F3AB /* Delivery */,
				8C0F9CBE25B8936E0008F3AB /* DeliveryTests */,
				8C0F9CC925B8936E0008F3AB /* DeliveryUITests */,
			);
		};
/* End PBXProject section */

/* Begin PBXResourcesBuildPhase section */
		8C0F9CA725B8936C0008F3AB /* Resources */ = {
			isa = PBXResourcesBuildPhase;
			buildActionMask = 2147483647;
			files = (
				8C0F9CB925B8936E0008F3AB /* LaunchScreen.storyboard in Resources */,
				8C0F9CB625B8936E0008F3AB /* Assets.xcassets in Resources */,
			);
			runOnlyForDeploymentPostprocessing = 0;
		};
		8C0F9CBD25B8936E0008F3AB /* Resources */ = {
			isa = PBXResourcesBuildPhase;
			buildActionMask = 2147483647;
			files = (
			);
			runOnlyForDeploymentPostprocessing = 0;
		};
		8C0F9CC825B8936E0008F3AB /* Resources */ = {
			isa = PBXResourcesBuildPhase;
			buildActionMask = 2147483647;
			files = (
			);
			runOnlyForDeploymentPostprocessing = 0;
		};
/* End PBXResourcesBuildPhase section */

/* Begin PBXSourcesBuildPhase section */
		8C0F9CA525B8936C0008F3AB /* Sources */ = {
			isa = PBXSourcesBuildPhase;
			buildActionMask = 2147483647;
			files = (
				8C0F9CB125B8936C0008F3AB /* MainViewController.swift in Sources */,
				8C0F9CAD25B8936C0008F3AB /* AppDelegate.swift in Sources */,
			);
			runOnlyForDeploymentPostprocessing = 0;
		};
		8C0F9CBB25B8936E0008F3AB /* Sources */ = {
			isa = PBXSourcesBuildPhase;
			buildActionMask = 2147483647;
			files = (
				8C0F9CC425B8936E0008F3AB /* DeliveryTests.swift in Sources */,
			);
			runOnlyForDeploymentPostprocessing = 0;
		};
		8C0F9CC625B8936E0008F3AB /* Sources */ = {
			isa = PBXSourcesBuildPhase;
			buildActionMask = 2147483647;
			files = (
				8C0F9CCF25B8936E0008F3AB /* DeliveryUITests.swift in Sources */,
			);
			runOnlyForDeploymentPostprocessing = 0;
		};
/* End PBXSourcesBuildPhase section */

/* Begin PBXTargetDependency section */
		8C0F9CC125B8936E0008F3AB /* PBXTargetDependency */ = {
			isa = PBXTargetDependency;
			target = 8C0F9CA825B8936C0008F3AB /* Delivery */;
			targetProxy = 8C0F9CC025B8936E0008F3AB /* PBXContainerItemProxy */;
		};
		8C0F9CCC25B8936E0008F3AB /* PBXTargetDependency */ = {
			isa = PBXTargetDependency;
			target = 8C0F9CA825B8936C0008F3AB /* Delivery */;
			targetProxy = 8C0F9CCB25B8936E0008F3AB /* PBXContainerItemProxy */;
		};
/* End PBXTargetDependency section */

/* Begin PBXVariantGroup section */
		8C0F9CB725B8936E0008F3AB /* LaunchScreen.storyboard */ = {
			isa = PBXVariantGroup;
			children = (
				8C0F9CB825B8936E0008F3AB /* Base */,
			);
			name = LaunchScreen.storyboard;
			sourceTree = "<group>";
		};
/* End PBXVariantGroup section */

/* Begin XCBuildConfiguration section */
		8C0F9CD125B8936E0008F3AB /* Debug */ = {
			isa = XCBuildConfiguration;
			buildSettings = {
				ALWAYS_SEARCH_USER_PATHS = NO;
				CLANG_ANALYZER_NONNULL = YES;
				CLANG_ANALYZER_NUMBER_OBJECT_CONVERSION = YES_AGGRESSIVE;
				CLANG_CXX_LANGUAGE_STANDARD = "gnu++14";
				CLANG_CXX_LIBRARY = "libc++";
				CLANG_ENABLE_MODULES = YES;
				CLANG_ENABLE_OBJC_ARC = YES;
				CLANG_ENABLE_OBJC_WEAK = YES;
				CLANG_WARN_BLOCK_CAPTURE_AUTORELEASING = YES;
				CLANG_WARN_BOOL_CONVERSION = YES;
				CLANG_WARN_COMMA = YES;
				CLANG_WARN_CONSTANT_CONVERSION = YES;
				CLANG_WARN_DEPRECATED_OBJC_IMPLEMENTATIONS = YES;
				CLANG_WARN_DIRECT_OBJC_ISA_USAGE = YES_ERROR;
				CLANG_WARN_DOCUMENTATION_COMMENTS = YES;
				CLANG_WARN_EMPTY_BODY = YES;
				CLANG_WARN_ENUM_CONVERSION = YES;
				CLANG_WARN_INFINITE_RECURSION = YES;
				CLANG_WARN_INT_CONVERSION = YES;
				CLANG_WARN_NON_LITERAL_NULL_CONVERSION = YES;
				CLANG_WARN_OBJC_IMPLICIT_RETAIN_SELF = YES;
				CLANG_WARN_OBJC_LITERAL_CONVERSION = YES;
				CLANG_WARN_OBJC_ROOT_CLASS = YES_ERROR;
				CLANG_WARN_QUOTED_INCLUDE_IN_FRAMEWORK_HEADER = YES;
				CLANG_WARN_RANGE_LOOP_ANALYSIS = YES;
				CLANG_WARN_STRICT_PROTOTYPES = YES;
				CLANG_WARN_SUSPICIOUS_MOVE = YES;
				CLANG_WARN_UNGUARDED_AVAILABILITY = YES_AGGRESSIVE;
				CLANG_WARN_UNREACHABLE_CODE = YES;
				CLANG_WARN__DUPLICATE_METHOD_MATCH = YES;
				COPY_PHASE_STRIP = NO;
				DEBUG_INFORMATION_FORMAT = dwarf;
				ENABLE_STRICT_OBJC_MSGSEND = YES;
				ENABLE_TESTABILITY = YES;
				GCC_C_LANGUAGE_STANDARD = gnu11;
				GCC_DYNAMIC_NO_PIC = NO;
				GCC_NO_COMMON_BLOCKS = YES;
				GCC_OPTIMIZATION_LEVEL = 0;
				GCC_PREPROCESSOR_DEFINITIONS = (
					"DEBUG=1",
					"$(inherited)",
				);
				GCC_WARN_64_TO_32_BIT_CONVERSION = YES;
				GCC_WARN_ABOUT_RETURN_TYPE = YES_ERROR;
				GCC_WARN_UNDECLARED_SELECTOR = YES;
				GCC_WARN_UNINITIALIZED_AUTOS = YES_AGGRESSIVE;
				GCC_WARN_UNUSED_FUNCTION = YES;
				GCC_WARN_UNUSED_VARIABLE = YES;
				IPHONEOS_DEPLOYMENT_TARGET = 14.3;
				MTL_ENABLE_DEBUG_INFO = INCLUDE_SOURCE;
				MTL_FAST_MATH = YES;
				ONLY_ACTIVE_ARCH = YES;
				SDKROOT = iphoneos;
				SWIFT_ACTIVE_COMPILATION_CONDITIONS = DEBUG;
				SWIFT_OPTIMIZATION_LEVEL = "-Onone";
			};
			name = Debug;
		};
		8C0F9CD225B8936E0008F3AB /* Release */ = {
			isa = XCBuildConfiguration;
			buildSettings = {
				ALWAYS_SEARCH_USER_PATHS = NO;
				CLANG_ANALYZER_NONNULL = YES;
				CLANG_ANALYZER_NUMBER_OBJECT_CONVERSION = YES_AGGRESSIVE;
				CLANG_CXX_LANGUAGE_STANDARD = "gnu++14";
				CLANG_CXX_LIBRARY = "libc++";
				CLANG_ENABLE_MODULES = YES;
				CLANG_ENABLE_OBJC_ARC = YES;
				CLANG_ENABLE_OBJC_WEAK = YES;
				CLANG_WARN_BLOCK_CAPTURE_AUTORELEASING = YES;
				CLANG_WARN_BOOL_CONVERSION = YES;
				CLANG_WARN_COMMA = YES;
				CLANG_WARN_CONSTANT_CONVERSION = YES;
				CLANG_WARN_DEPRECATED_OBJC_IMPLEMENTATIONS = YES;
				CLANG_WARN_DIRECT_OBJC_ISA_USAGE = YES_ERROR;
				CLANG_WARN_DOCUMENTATION_COMMENTS = YES;
				CLANG_WARN_EMPTY_BODY = YES;
				CLANG_WARN_ENUM_CONVERSION = YES;
				CLANG_WARN_INFINITE_RECURSION = YES;
				CLANG_WARN_INT_CONVERSION = YES;
				CLANG_WARN_NON_LITERAL_NULL_CONVERSION = YES;
				CLANG_WARN_OBJC_IMPLICIT_RETAIN_SELF = YES;
				CLANG_WARN_OBJC_LITERAL_CONVERSION = YES;
				CLANG_WARN_OBJC_ROOT_CLASS = YES_ERROR;
				CLANG_WARN_QUOTED_INCLUDE_IN_FRAMEWORK_HEADER = YES;
				CLANG_WARN_RANGE_LOOP_ANALYSIS = YES;
				CLANG_WARN_STRICT_PROTOTYPES = YES;
				CLANG_WARN_SUSPICIOUS_MOVE = YES;
				CLANG_WARN_UNGUARDED_AVAILABILITY = YES_AGGRESSIVE;
				CLANG_WARN_UNREACHABLE_CODE = YES;
				CLANG_WARN__DUPLICATE_METHOD_MATCH = YES;
				COPY_PHASE_STRIP = NO;
				DEBUG_INFORMATION_FORMAT = "dwarf-with-dsym";
				ENABLE_NS_ASSERTIONS = NO;
				ENABLE_STRICT_OBJC_MSGSEND = YES;
				GCC_C_LANGUAGE_STANDARD = gnu11;
				GCC_NO_COMMON_BLOCKS = YES;
				GCC_WARN_64_TO_32_BIT_CONVERSION = YES;
				GCC_WARN_ABOUT_RETURN_TYPE = YES_ERROR;
				GCC_WARN_UNDECLARED_SELECTOR = YES;
				GCC_WARN_UNINITIALIZED_AUTOS = YES_AGGRESSIVE;
				GCC_WARN_UNUSED_FUNCTION = YES;
				GCC_WARN_UNUSED_VARIABLE = YES;
				IPHONEOS_DEPLOYMENT_TARGET = 14.3;
				MTL_ENABLE_DEBUG_INFO = NO;
				MTL_FAST_MATH = YES;
				SDKROOT = iphoneos;
				SWIFT_COMPILATION_MODE = wholemodule;
				SWIFT_OPTIMIZATION_LEVEL = "-O";
				VALIDATE_PRODUCT = YES;
			};
			name = Release;
		};
		8C0F9CD425B8936E0008F3AB /* Debug */ = {
			isa = XCBuildConfiguration;
			buildSettings = {
				ASSETCATALOG_COMPILER_APPICON_NAME = AppIcon;
				ASSETCATALOG_COMPILER_GLOBAL_ACCENT_COLOR_NAME = AccentColor;
				CODE_SIGN_STYLE = Automatic;
				DEVELOPMENT_TEAM = 2SMFLM66R9;
				INFOPLIST_FILE = Delivery/Info.plist;
				LD_RUNPATH_SEARCH_PATHS = (
					"$(inherited)",
					"@executable_path/Frameworks",
				);
				MARKETING_VERSION = 1.0.0;
				PRODUCT_BUNDLE_IDENTIFIER = net.ohauge.delivery;
				PRODUCT_NAME = "$(TARGET_NAME)";
				SWIFT_VERSION = 5.0;
				TARGETED_DEVICE_FAMILY = "1,2";
			};
			name = Debug;
		};
		8C0F9CD525B8936E0008F3AB /* Release */ = {
			isa = XCBuildConfiguration;
			buildSettings = {
				ASSETCATALOG_COMPILER_APPICON_NAME = AppIcon;
				ASSETCATALOG_COMPILER_GLOBAL_ACCENT_COLOR_NAME = AccentColor;
				CODE_SIGN_STYLE = Automatic;
				DEVELOPMENT_TEAM = 2SMFLM66R9;
				INFOPLIST_FILE = Delivery/Info.plist;
				LD_RUNPATH_SEARCH_PATHS = (
					"$(inherited)",
					"@executable_path/Frameworks",
				);
				MARKETING_VERSION = 1.0.0;
				PRODUCT_BUNDLE_IDENTIFIER = net.ohauge.delivery;
				PRODUCT_NAME = "$(TARGET_NAME)";
				SWIFT_VERSION = 5.0;
				TARGETED_DEVICE_FAMILY = "1,2";
			};
			name = Release;
		};
		8C0F9CD725B8936E0008F3AB /* Debug */ = {
			isa = XCBuildConfiguration;
			buildSettings = {
				ALWAYS_EMBED_SWIFT_STANDARD_LIBRARIES = YES;
				BUNDLE_LOADER = "$(TEST_HOST)";
				CODE_SIGN_STYLE = Automatic;
				DEVELOPMENT_TEAM = 2SMFLM66R9;
				INFOPLIST_FILE = DeliveryTests/Info.plist;
				IPHONEOS_DEPLOYMENT_TARGET = 14.3;
				LD_RUNPATH_SEARCH_PATHS = (
					"$(inherited)",
					"@executable_path/Frameworks",
					"@loader_path/Frameworks",
				);
				PRODUCT_BUNDLE_IDENTIFIER = net.ohauge.DeliveryTests;
				PRODUCT_NAME = "$(TARGET_NAME)";
				SWIFT_VERSION = 5.0;
				TARGETED_DEVICE_FAMILY = "1,2";
				TEST_HOST = "$(BUILT_PRODUCTS_DIR)/Delivery.app/Delivery";
			};
			name = Debug;
		};
		8C0F9CD825B8936E0008F3AB /* Release */ = {
			isa = XCBuildConfiguration;
			buildSettings = {
				ALWAYS_EMBED_SWIFT_STANDARD_LIBRARIES = YES;
				BUNDLE_LOADER = "$(TEST_HOST)";
				CODE_SIGN_STYLE = Automatic;
				DEVELOPMENT_TEAM = 2SMFLM66R9;
				INFOPLIST_FILE = DeliveryTests/Info.plist;
				IPHONEOS_DEPLOYMENT_TARGET = 14.3;
				LD_RUNPATH_SEARCH_PATHS = (
					"$(inherited)",
					"@executable_path/Frameworks",
					"@loader_path/Frameworks",
				);
				PRODUCT_BUNDLE_IDENTIFIER = net.ohauge.DeliveryTests;
				PRODUCT_NAME = "$(TARGET_NAME)";
				SWIFT_VERSION = 5.0;
				TARGETED_DEVICE_FAMILY = "1,2";
				TEST_HOST = "$(BUILT_PRODUCTS_DIR)/Delivery.app/Delivery";
			};
			name = Release;
		};
		8C0F9CDA25B8936E0008F3AB /* Debug */ = {
			isa = XCBuildConfiguration;
			buildSettings = {
				ALWAYS_EMBED_SWIFT_STANDARD_LIBRARIES = YES;
				CODE_SIGN_STYLE = Automatic;
				DEVELOPMENT_TEAM = 2SMFLM66R9;
				INFOPLIST_FILE = DeliveryUITests/Info.plist;
				LD_RUNPATH_SEARCH_PATHS = (
					"$(inherited)",
					"@executable_path/Frameworks",
					"@loader_path/Frameworks",
				);
				PRODUCT_BUNDLE_IDENTIFIER = net.ohauge.DeliveryUITests;
				PRODUCT_NAME = "$(TARGET_NAME)";
				SWIFT_VERSION = 5.0;
				TARGETED_DEVICE_FAMILY = "1,2";
				TEST_TARGET_NAME = Delivery;
			};
			name = Debug;
		};
		8C0F9CDB25B8936E0008F3AB /* Release */ = {
			isa = XCBuildConfiguration;
			buildSettings = {
				ALWAYS_EMBED_SWIFT_STANDARD_LIBRARIES = YES;
				CODE_SIGN_STYLE = Automatic;
				DEVELOPMENT_TEAM = 2SMFLM66R9;
				INFOPLIST_FILE = DeliveryUITests/Info.plist;
				LD_RUNPATH_SEARCH_PATHS = (
					"$(inherited)",
					"@executable_path/Frameworks",
					"@loader_path/Frameworks",
				);
				PRODUCT_BUNDLE_IDENTIFIER = net.ohauge.DeliveryUITests;
				PRODUCT_NAME = "$(TARGET_NAME)";
				SWIFT_VERSION = 5.0;
				TARGETED_DEVICE_FAMILY = "1,2";
				TEST_TARGET_NAME = Delivery;
			};
			name = Release;
		};
/* End XCBuildConfiguration section */

/* Begin XCConfigurationList section */
		8C0F9CA425B8936C0008F3AB /* Build configuration list for PBXProject "Delivery" */ = {
			isa = XCConfigurationList;
			buildConfigurations = (
				8C0F9CD125B8936E0008F3AB /* Debug */,
				8C0F9CD225B8936E0008F3AB /* Release */,
			);
			defaultConfigurationIsVisible = 0;
			defaultConfigurationName = Release;
		};
		8C0F9CD325B8936E0008F3AB /* Build configuration list for PBXNativeTarget "Delivery" */ = {
			isa = XCConfigurationList;
			buildConfigurations = (
				8C0F9CD425B8936E0008F3AB /* Debug */,
				8C0F9CD525B8936E0008F3AB /* Release */,
			);
			defaultConfigurationIsVisible = 0;
			defaultConfigurationName = Release;
		};
		8C0F9CD625B8936E0008F3AB /* Build configuration list for PBXNativeTarget "DeliveryTests" */ = {
			isa = XCConfigurationList;
			buildConfigurations = (
				8C0F9CD725B8936E0008F3AB /* Debug */,
				8C0F9CD825B8936E0008F3AB /* Release */,
			);
			defaultConfigurationIsVisible = 0;
			defaultConfigurationName = Release;
		};
		8C0F9CD925B8936E0008F3AB /* Build configuration list for PBXNativeTarget "DeliveryUITests" */ = {
			isa = XCConfigurationList;
			buildConfigurations = (
				8C0F9CDA25B8936E0008F3AB /* Debug */,
				8C0F9CDB25B8936E0008F3AB /* Release */,
			);
			defaultConfigurationIsVisible = 0;
			defaultConfigurationName = Release;
		};
/* End XCConfigurationList section */
	};
	rootObject = 8C0F9CA125B8936C0008F3AB /* Project object */;
}
